# This file is automatically @generated by Poetry 2.4.1 and should not be changed by hand.

[[package]]
name = "idna"
version = "3.20"
optional = false
python-versions = ">=3.9"
groups = ["main"]
files = [
    {file = "idna-3.20-py3-none-any.whl", hash = "sha256:ab7ae7122974553370f0bdb919e1a960b2cd1bc1ef0276416d896db81c14582c"},
]

[package.extras]
all = ["coverage (>=7.10.0)", "hypothesis (>=6.141.1)", "mypy (>=1.11.2)", "pytest (>=8.3.2)", "ruff (>=0.16.0)", "ty (>=0.0.37)"]

[metadata]
lock-version = "2.1"
python-versions = ">=3.9,<4"
